github.com/andybalholm/brotli v1.1.1 h1:PR2pgnyFznKEugtsUo0xLdDop5SKXd5Qf5ysW+7XdTA=
github.com/andybalholm/brotli v1.1.1/go.mod h1:05ib4cKhjx3OQYUY22hTVd34Bc8upXjOLL2rKwwZBoA=
github.com/google/brotli/go/cbrotli v1.1.0 h1:YwHD/rwSgUSL4b2S3ZM2jnNymm+tmwKQqjUIC63nmHU=
github.com/google/brotli/go/cbrotli v1.1.0/go.mod h1:nOPhAkwVliJdNTkj3gXpljmWhjc4wCaVqbMJcPKWP4s=
